# This file is autogenerated, do not edit; changes may be undone by the next 'dep ensure'.


[[projects]]
  branch = "master"
  name = "github.com/adlio/trello"
  packages = ["."]
  revision = "860abbe1f41016626c0703d7d6204837e0dc2c04"

[[projects]]
  branch = "master"
  name = "github.com/google/go-querystring"
  packages = ["query"]
  revision = "53e6ce116135b80d037921a7fdd5138cf32d7a8a"

[[projects]]
  name = "github.com/pkg/errors"
  packages = ["."]
  revision = "645ef00459ed84a119197bfb8d8205042c6df63d"
  version = "v0.8.0"

[solve-meta]
  analyzer-name = "dep"
  analyzer-version = 1
  inputs-digest = "47aa1fbe733992681e6c9bbb1a018df2e4341b05d26ffd97207f278f38e923c1"
  solver-name = "gps-cdcl"
  solver-version = 1
